<?xml version="1.0" encoding="utf-8"?>
<Project ToolsVersion="4.0" xmlns="http://schemas.microsoft.com/developer/msbuild/2003">
  <ItemGroup>
    <ClCompile Include="openwear.cpp" />
    <ClCompile Include="3DObject.cpp">
      <Filter>GLutil</Filter>
    </ClCompile>
    <ClCompile Include="Glasses.cpp">
      <Filter>GLutil</Filter>
    </ClCompile>
    <ClCompile Include="glm .cpp">
      <Filter>GLutil</Filter>
    </ClCompile>
    <ClCompile Include="glm.c">
      <Filter>GLutil</Filter>
    </ClCompile>
    <ClCompile Include="..\sdm\include\hog.c">
      <Filter>Face</Filter>
    </ClCompile>
    <ClCompile Include="..\sdm\include\ldmarkmodel.cpp">
      <Filter>Face</Filter>
    </ClCompile>
  </ItemGroup>
  <ItemGroup>
    <ClInclude Include="3DObject.h">
      <Filter>GLutil</Filter>
    </ClInclude>
    <ClInclude Include="Glasses.h">
      <Filter>GLutil</Filter>
    </ClInclude>
    <ClInclude Include="glm.h">
      <Filter>GLutil</Filter>
    </ClInclude>
    <ClInclude Include="..\sdm\include\cereal\access.hpp">
      <Filter>Face</Filter>
    </ClInclude>
    <ClInclude Include="..\sdm\include\cereal\archives\adapters.hpp">
      <Filter>Face</Filter>
    </ClInclude>
    <ClInclude Include="..\sdm\include\cereal\archives\binary.hpp">
      <Filter>Face</Filter>
    </ClInclude>
    <ClInclude Include="..\sdm\include\cereal\archives\json.hpp">
      <Filter>Face</Filter>
    </ClInclude>
    <ClInclude Include="..\sdm\include\cereal\archives\portable_binary.hpp">
      <Filter>Face</Filter>
    </ClInclude>
    <ClInclude Include="..\sdm\include\cereal\archives\xml.hpp">
      <Filter>Face</Filter>
    </ClInclude>
    <ClInclude Include="..\sdm\include\cereal\cereal.hpp">
      <Filter>Face</Filter>
    </ClInclude>
    <ClInclude Include="..\sdm\include\cereal\details\helpers.hpp">
      <Filter>Face</Filter>
    </ClInclude>
    <ClInclude Include="..\sdm\include\cereal\details\polymorphic_impl.hpp">
      <Filter>Face</Filter>
    </ClInclude>
    <ClInclude Include="..\sdm\include\cereal\details\static_object.hpp">
      <Filter>Face</Filter>
    </ClInclude>
    <ClInclude Include="..\sdm\include\cereal\details\traits.hpp">
      <Filter>Face</Filter>
    </ClInclude>
    <ClInclude Include="..\sdm\include\cereal\details\util.hpp">
      <Filter>Face</Filter>
    </ClInclude>
    <ClInclude Include="..\sdm\include\cereal\external\base64.hpp">
      <Filter>Face</Filter>
    </ClInclude>
    <ClInclude Include="..\sdm\include\cereal\external\rapidjson\document.h">
      <Filter>Face</Filter>
    </ClInclude>
    <ClInclude Include="..\sdm\include\cereal\external\rapidjson\filestream.h">
      <Filter>Face</Filter>
    </ClInclude>
    <ClInclude Include="..\sdm\include\cereal\external\rapidjson\genericstream.h">
      <Filter>Face</Filter>
    </ClInclude>
    <ClInclude Include="..\sdm\include\cereal\external\rapidjson\internal\pow10.h">
      <Filter>Face</Filter>
    </ClInclude>
    <ClInclude Include="..\sdm\include\cereal\external\rapidjson\internal\stack.h">
      <Filter>Face</Filter>
    </ClInclude>
    <ClInclude Include="..\sdm\include\cereal\external\rapidjson\internal\strfunc.h">
      <Filter>Face</Filter>
    </ClInclude>
    <ClInclude Include="..\sdm\include\cereal\external\rapidjson\prettywriter.h">
      <Filter>Face</Filter>
    </ClInclude>
    <ClInclude Include="..\sdm\include\cereal\external\rapidjson\rapidjson.h">
      <Filter>Face</Filter>
    </ClInclude>
    <ClInclude Include="..\sdm\include\cereal\external\rapidjson\reader.h">
      <Filter>Face</Filter>
    </ClInclude>
    <ClInclude Include="..\sdm\include\cereal\external\rapidjson\stringbuffer.h">
      <Filter>Face</Filter>
    </ClInclude>
    <ClInclude Include="..\sdm\include\cereal\external\rapidjson\writer.h">
      <Filter>Face</Filter>
    </ClInclude>
    <ClInclude Include="..\sdm\include\cereal\external\rapidxml\rapidxml.hpp">
      <Filter>Face</Filter>
    </ClInclude>
    <ClInclude Include="..\sdm\include\cereal\external\rapidxml\rapidxml_iterators.hpp">
      <Filter>Face</Filter>
    </ClInclude>
    <ClInclude Include="..\sdm\include\cereal\external\rapidxml\rapidxml_print.hpp">
      <Filter>Face</Filter>
    </ClInclude>
    <ClInclude Include="..\sdm\include\cereal\external\rapidxml\rapidxml_utils.hpp">
      <Filter>Face</Filter>
    </ClInclude>
    <ClInclude Include="..\sdm\include\cereal\macros.hpp">
      <Filter>Face</Filter>
    </ClInclude>
    <ClInclude Include="..\sdm\include\cereal\types\array.hpp">
      <Filter>Face</Filter>
    </ClInclude>
    <ClInclude Include="..\sdm\include\cereal\types\base_class.hpp">
      <Filter>Face</Filter>
    </ClInclude>
    <ClInclude Include="..\sdm\include\cereal\types\bitset.hpp">
      <Filter>Face</Filter>
    </ClInclude>
    <ClInclude Include="..\sdm\include\cereal\types\boost_variant.hpp">
      <Filter>Face</Filter>
    </ClInclude>
    <ClInclude Include="..\sdm\include\cereal\types\chrono.hpp">
      <Filter>Face</Filter>
    </ClInclude>
    <ClInclude Include="..\sdm\include\cereal\types\common.hpp">
      <Filter>Face</Filter>
    </ClInclude>
    <ClInclude Include="..\sdm\include\cereal\types\complex.hpp">
      <Filter>Face</Filter>
    </ClInclude>
    <ClInclude Include="..\sdm\include\cereal\types\deque.hpp">
      <Filter>Face</Filter>
    </ClInclude>
    <ClInclude Include="..\sdm\include\cereal\types\forward_list.hpp">
      <Filter>Face</Filter>
    </ClInclude>
    <ClInclude Include="..\sdm\include\cereal\types\list.hpp">
      <Filter>Face</Filter>
    </ClInclude>
    <ClInclude Include="..\sdm\include\cereal\types\map.hpp">
      <Filter>Face</Filter>
    </ClInclude>
    <ClInclude Include="..\sdm\include\cereal\types\memory.hpp">
      <Filter>Face</Filter>
    </ClInclude>
    <ClInclude Include="..\sdm\include\cereal\types\polymorphic.hpp">
      <Filter>Face</Filter>
    </ClInclude>
    <ClInclude Include="..\sdm\include\cereal\types\queue.hpp">
      <Filter>Face</Filter>
    </ClInclude>
    <ClInclude Include="..\sdm\include\cereal\types\set.hpp">
      <Filter>Face</Filter>
    </ClInclude>
    <ClInclude Include="..\sdm\include\cereal\types\stack.hpp">
      <Filter>Face</Filter>
    </ClInclude>
    <ClInclude Include="..\sdm\include\cereal\types\string.hpp">
      <Filter>Face</Filter>
    </ClInclude>
    <ClInclude Include="..\sdm\include\cereal\types\tuple.hpp">
      <Filter>Face</Filter>
    </ClInclude>
    <ClInclude Include="..\sdm\include\cereal\types\unordered_map.hpp">
      <Filter>Face</Filter>
    </ClInclude>
    <ClInclude Include="..\sdm\include\cereal\types\unordered_set.hpp">
      <Filter>Face</Filter>
    </ClInclude>
    <ClInclude Include="..\sdm\include\cereal\types\utility.hpp">
      <Filter>Face</Filter>
    </ClInclude>
    <ClInclude Include="..\sdm\include\cereal\types\vector.hpp">
      <Filter>Face</Filter>
    </ClInclude>
    <ClInclude Include="..\sdm\include\cereal_extension\mat_cerealisation.hpp">
      <Filter>Face</Filter>
    </ClInclude>
    <ClInclude Include="..\sdm\include\cereal_extension\mat_serialization.hpp">
      <Filter>Face</Filter>
    </ClInclude>
    <ClInclude Include="..\sdm\include\cereal_extension\ThreadPool.h">
      <Filter>Face</Filter>
    </ClInclude>
    <ClInclude Include="..\sdm\include\feature_descriptor.h">
      <Filter>Face</Filter>
    </ClInclude>
    <ClInclude Include="..\sdm\include\helper.h">
      <Filter>Face</Filter>
    </ClInclude>
    <ClInclude Include="..\sdm\include\hog.h">
      <Filter>Face</Filter>
    </ClInclude>
    <ClInclude Include="..\sdm\include\ldmarkmodel.h">
      <Filter>Face</Filter>
    </ClInclude>
    <ClInclude Include="..\sdm\include\modelcfg.h">
      <Filter>Face</Filter>
    </ClInclude>
    <ClInclude Include="resource.h" />
  </ItemGroup>
  <ItemGroup>
    <Filter Include="GLutil">
      <UniqueIdentifier>{dcca0a65-0a3b-412e-9dfc-a4c3d554a2c5}</UniqueIdentifier>
    </Filter>
    <Filter Include="Face">
      <UniqueIdentifier>{2a524d2f-784e-4924-8cd2-c5b237d32e45}</UniqueIdentifier>
    </Filter>
  </ItemGroup>
  <ItemGroup>
    <None Include="..\sdm\include\cereal\external\rapidxml\manual.html">
      <Filter>Face</Filter>
    </None>
  </ItemGroup>
  <ItemGroup>
    <ResourceCompile Include="OpenWear.rc" />
  </ItemGroup>
  <ItemGroup>
    <Image Include="openWear.ico" />
  </ItemGroup>
</Project>